
Microsoft Visual Studio Solution File, Format Version 12.00
# Visual Studio Version 17
VisualStudioVersion = 17.0.31903.59
MinimumVisualStudioVersion = 10.0.40219.1
Project("{FAE04EC0-301F-11D3-BF4B-00C04F79EFBC}") = "PogoInventory.Appraisal", "src\PogoInventory.Appraisal\PogoInventory.Appraisal.csproj", "{C5B8049A-5A95-4E7B-88C0-6614F707D140}"
EndProject
Project("{FAE04EC0-301F-11D3-BF4B-00C04F79EFBC}") = "PogoInventory.Automation", "src\PogoInventory.Automation\PogoInventory.Automation.csproj", "{3D8EAF74-0B5D-4D86-AF2B-71624B8C9A01}"
EndProject
Project("{FAE04EC0-301F-11D3-BF4B-00C04F79EFBC}") = "PogoInventory.Bootstrap", "src\PogoInventory.Bootstrap\PogoInventory.Bootstrap.csproj", "{A4E3D57D-193C-4FF0-90A8-6846BC9EC3FD}"
EndProject
Project("{FAE04EC0-301F-11D3-BF4B-00C04F79EFBC}") = "PogoInventory.CalcyProbe", "src\PogoInventory.CalcyProbe\PogoInventory.CalcyProbe.csproj", "{D7C79C50-7813-4B1D-8A66-9B67358A4F02}"
EndProject
Project("{FAE04EC0-301F-11D3-BF4B-00C04F79EFBC}") = "PogoInventory.Calibration", "src\PogoInventory.Calibration\PogoInventory.Calibration.csproj", "{E2A481BB-6B14-49AB-9BF4-0E8845A77B69}"
EndProject
Project("{FAE04EC0-301F-11D3-BF4B-00C04F79EFBC}") = "PogoInventory.Core", "src\PogoInventory.Core\PogoInventory.Core.csproj", "{A9D8628E-419A-4EFA-A14D-DF6D442C1A0A}"
EndProject
Project("{FAE04EC0-301F-11D3-BF4B-00C04F79EFBC}") = "PogoInventory.CropAtlas", "src\PogoInventory.CropAtlas\PogoInventory.CropAtlas.csproj", "{C4A7E2B1-8E4F-4A5D-9C0E-12F8B3D91A20}"
EndProject
Project("{FAE04EC0-301F-11D3-BF4B-00C04F79EFBC}") = "PogoInventory.Device", "src\PogoInventory.Device\PogoInventory.Device.csproj", "{C67A1E56-00B2-4D20-9A58-4517070EEA12}"
EndProject
Project("{FAE04EC0-301F-11D3-BF4B-00C04F79EFBC}") = "PogoInventory.ImagePretest", "src\PogoInventory.ImagePretest\PogoInventory.ImagePretest.csproj", "{F2E7A83D-52A1-4DB8-9A0F-3DDECC0E1001}"
EndProject
Project("{FAE04EC0-301F-11D3-BF4B-00C04F79EFBC}") = "PogoInventory.Observations", "src\PogoInventory.Observations\PogoInventory.Observations.csproj", "{6C54D35F-34B7-4B19-9A9E-9850E554BC70}"
EndProject
Project("{FAE04EC0-301F-11D3-BF4B-00C04F79EFBC}") = "PogoInventory.RegionDiscovery", "src\PogoInventory.RegionDiscovery\PogoInventory.RegionDiscovery.csproj", "{9F0B7F3A-7E86-4DBA-9E75-2D7F103B9C42}"
EndProject
Project("{FAE04EC0-301F-11D3-BF4B-00C04F79EFBC}") = "PogoInventory.Verification", "src\PogoInventory.Verification\PogoInventory.Verification.csproj", "{B8C1A4D0-4E3B-43CB-A537-2E80D47E9F11}"
EndProject
Project("{FAE04EC0-301F-11D3-BF4B-00C04F79EFBC}") = "PogoInventory.Vision", "src\PogoInventory.Vision\PogoInventory.Vision.csproj", "{5E1A789B-98F0-44DA-9E16-63310AC6DDB2}"
EndProject
Project("{FAE04EC0-301F-11D3-BF4B-00C04F79EFBC}") = "PogoInventory.HeaderText", "src\PogoInventory.HeaderText\PogoInventory.HeaderText.csproj", "{0D1456BF-F621-4AB5-943C-3DBCF6E0D12B}"
EndProject
Project("{FAE04EC0-301F-11D3-BF4B-00C04F79EFBC}") = "PogoInventory.HeaderOcr", "src\PogoInventory.HeaderOcr\PogoInventory.HeaderOcr.csproj", "{7797A7F6-EAB2-4224-8B1F-5AD59F9D412F}"
EndProject
Project("{FAE04EC0-301F-11D3-BF4B-00C04F79EFBC}") = "PogoInventory.Cli", "src\PogoInventory.Cli\PogoInventory.Cli.csproj", "{144ED50C-C4BD-4BDF-B96A-A487BA3B58F9}"
EndProject
Project("{FAE04EC0-301F-11D3-BF4B-00C04F79EFBC}") = "PogoInventory.SelfTest", "tests\PogoInventory.SelfTest\PogoInventory.SelfTest.csproj", "{7D7B82BA-EC72-44C4-B5C4-9E88644543A5}"
EndProject
Project("{2150E333-8FDC-42A3-9474-1A3956D46DE8}") = "src", "src", "{827E0CD3-B72D-47B6-A68D-7590B98EB39B}"
EndProject
Project("{FAE04EC0-301F-11D3-BF4B-00C04F79EFBC}") = "PogoInventory.Persistence", "src\PogoInventory.Persistence\PogoInventory.Persistence.csproj", "{456F6B3E-3CD0-496B-A390-903C8DBA7918}"
EndProject
Project("{FAE04EC0-301F-11D3-BF4B-00C04F79EFBC}") = "PogoInventory.Application", "src\PogoInventory.Application\PogoInventory.Application.csproj", "{95B8168D-CDA2-48F6-B303-B428AD6F6EAC}"
EndProject
Project("{FAE04EC0-301F-11D3-BF4B-00C04F79EFBC}") = "PogoInventory.Exploration", "src\PogoInventory.Exploration\PogoInventory.Exploration.csproj", "{8D2F9D7C-F020-4350-AF5F-312BDD21815F}"
EndProject
Project("{FAE04EC0-301F-11D3-BF4B-00C04F79EFBC}") = "PogoInventory.TesseractOcr", "src\PogoInventory.TesseractOcr\PogoInventory.TesseractOcr.csproj", "{1181EC00-7C6E-4816-9F09-63A2FCBEE629}"
EndProject
Project("{FAE04EC0-301F-11D3-BF4B-00C04F79EFBC}") = "PogoInventory.Streaming", "src\PogoInventory.Streaming\PogoInventory.Streaming.csproj", "{F3CD792B-185E-4183-8C6C-C3521B36836A}"
EndProject
Project("{FAE04EC0-301F-11D3-BF4B-00C04F79EFBC}") = "PogoInventory.Streaming.Scrcpy", "src\PogoInventory.Streaming.Scrcpy\PogoInventory.Streaming.Scrcpy.csproj", "{FD243832-678B-434D-85B7-EFC24FD29EAA}"
EndProject
Project("{FAE04EC0-301F-11D3-BF4B-00C04F79EFBC}") = "PogoInventory.Streaming.Gates", "src\PogoInventory.Streaming.Gates\PogoInventory.Streaming.Gates.csproj", "{743FA59B-320D-404A-8B8C-67EFF01ABB84}"
EndProject
Project("{FAE04EC0-301F-11D3-BF4B-00C04F79EFBC}") = "PogoInventory.Streaming.Observe", "src\PogoInventory.Streaming.Observe\PogoInventory.Streaming.Observe.csproj", "{3012E7FF-523A-4CEA-B3A2-134657DED6A2}"
EndProject
Project("{FAE04EC0-301F-11D3-BF4B-00C04F79EFBC}") = "PogoInventory.Streaming.Observe.Gates", "src\PogoInventory.Streaming.Observe.Gates\PogoInventory.Streaming.Observe.Gates.csproj", "{B4176FB8-5355-4214-84A9-4FDB7821B5AA}"
EndProject
Project("{2150E333-8FDC-42A3-9474-1A3956D46DE8}") = "tests", "tests", "{0AB3BF05-4346-4AA6-1389-037BE0695223}"
EndProject
Project("{FAE04EC0-301F-11D3-BF4B-00C04F79EFBC}") = "PogoInventory.Streaming.Phase2.SelfTest", "tests\PogoInventory.Streaming.Phase2.SelfTest\PogoInventory.Streaming.Phase2.SelfTest.csproj", "{D700C009-1FBD-49C6-957D-03DC900216A5}"
EndProject
Project("{FAE04EC0-301F-11D3-BF4B-00C04F79EFBC}") = "PogoInventory.Streaming.Phase3.SelfTest", "tests\PogoInventory.Streaming.Phase3.SelfTest\PogoInventory.Streaming.Phase3.SelfTest.csproj", "{127FB1D0-7B40-47D7-A3D9-1B83D9BF1149}"
EndProject
Project("{FAE04EC0-301F-11D3-BF4B-00C04F79EFBC}") = "PogoInventory.Streaming.Preflight", "src\PogoInventory.Streaming.Preflight\PogoInventory.Streaming.Preflight.csproj", "{BA3B4C9C-8AFD-45E4-B31B-B8CE624EAA64}"
EndProject
Project("{FAE04EC0-301F-11D3-BF4B-00C04F79EFBC}") = "PogoInventory.Streaming.Phase4.SelfTest", "tests\PogoInventory.Streaming.Phase4.SelfTest\PogoInventory.Streaming.Phase4.SelfTest.csproj", "{251BAC0B-2B3A-44E2-80A6-E5FD046CB014}"
EndProject
Project("{FAE04EC0-301F-11D3-BF4B-00C04F79EFBC}") = "PogoInventory.Streaming.Phase5.SelfTest", "tests\PogoInventory.Streaming.Phase5.SelfTest\PogoInventory.Streaming.Phase5.SelfTest.csproj", "{10A5A9DA-EEB7-419A-B674-F0AA0E3A2E8D}"
Project("{FAE04EC0-301F-11D3-BF4B-00C04F79EFBC}") = "PogoInventory.Streaming.Semantics", "src\PogoInventory.Streaming.Semantics\PogoInventory.Streaming.Semantics.csproj", "{5E23C2E6-7788-4728-923B-E27A13698B54}"
EndProject
Project("{FAE04EC0-301F-11D3-BF4B-00C04F79EFBC}") = "PogoInventory.Streaming.Semantics.Benchmarks", "src\PogoInventory.Streaming.Semantics.Benchmarks\PogoInventory.Streaming.Semantics.Benchmarks.csproj", "{E5B1BFBB-10AC-4E69-A9BC-10FAB527EDE8}"
EndProject
Project("{FAE04EC0-301F-11D3-BF4B-00C04F79EFBC}") = "PogoInventory.Streaming.Phase6A.SelfTest", "tests\PogoInventory.Streaming.Phase6A.SelfTest\PogoInventory.Streaming.Phase6A.SelfTest.csproj", "{985A6932-FAAC-4A8B-8ED3-71D3368C96A0}"
EndProject
Global
	GlobalSection(SolutionConfigurationPlatforms) = preSolution
		Debug|Any CPU = Debug|Any CPU
		Debug|x64 = Debug|x64
		Debug|x86 = Debug|x86
		Release|Any CPU = Release|Any CPU
		Release|x64 = Release|x64
		Release|x86 = Release|x86
	EndGlobalSection
	GlobalSection(ProjectConfigurationPlatforms) = postSolution
		{C5B8049A-5A95-4E7B-88C0-6614F707D140}.Debug|Any CPU.ActiveCfg = Debug|Any CPU
		{C5B8049A-5A95-4E7B-88C0-6614F707D140}.Debug|Any CPU.Build.0 = Debug|Any CPU
		{C5B8049A-5A95-4E7B-88C0-6614F707D140}.Debug|x64.ActiveCfg = Debug|Any CPU
		{C5B8049A-5A95-4E7B-88C0-6614F707D140}.Debug|x64.Build.0 = Debug|Any CPU
		{C5B8049A-5A95-4E7B-88C0-6614F707D140}.Debug|x86.ActiveCfg = Debug|Any CPU
		{C5B8049A-5A95-4E7B-88C0-6614F707D140}.Debug|x86.Build.0 = Debug|Any CPU
		{C5B8049A-5A95-4E7B-88C0-6614F707D140}.Release|Any CPU.ActiveCfg = Release|Any CPU
		{C5B8049A-5A95-4E7B-88C0-6614F707D140}.Release|Any CPU.Build.0 = Release|Any CPU
		{C5B8049A-5A95-4E7B-88C0-6614F707D140}.Release|x64.ActiveCfg = Release|Any CPU
		{C5B8049A-5A95-4E7B-88C0-6614F707D140}.Release|x64.Build.0 = Release|Any CPU
		{C5B8049A-5A95-4E7B-88C0-6614F707D140}.Release|x86.ActiveCfg = Release|Any CPU
		{C5B8049A-5A95-4E7B-88C0-6614F707D140}.Release|x86.Build.0 = Release|Any CPU
		{3D8EAF74-0B5D-4D86-AF2B-71624B8C9A01}.Debug|Any CPU.ActiveCfg = Debug|Any CPU
		{3D8EAF74-0B5D-4D86-AF2B-71624B8C9A01}.Debug|Any CPU.Build.0 = Debug|Any CPU
		{3D8EAF74-0B5D-4D86-AF2B-71624B8C9A01}.Debug|x64.ActiveCfg = Debug|Any CPU
		{3D8EAF74-0B5D-4D86-AF2B-71624B8C9A01}.Debug|x64.Build.0 = Debug|Any CPU
		{3D8EAF74-0B5D-4D86-AF2B-71624B8C9A01}.Debug|x86.ActiveCfg = Debug|Any CPU
		{3D8EAF74-0B5D-4D86-AF2B-71624B8C9A01}.Debug|x86.Build.0 = Debug|Any CPU
		{3D8EAF74-0B5D-4D86-AF2B-71624B8C9A01}.Release|Any CPU.ActiveCfg = Release|Any CPU
		{3D8EAF74-0B5D-4D86-AF2B-71624B8C9A01}.Release|Any CPU.Build.0 = Release|Any CPU
		{3D8EAF74-0B5D-4D86-AF2B-71624B8C9A01}.Release|x64.ActiveCfg = Release|Any CPU
		{3D8EAF74-0B5D-4D86-AF2B-71624B8C9A01}.Release|x64.Build.0 = Release|Any CPU
		{3D8EAF74-0B5D-4D86-AF2B-71624B8C9A01}.Release|x86.ActiveCfg = Release|Any CPU
		{3D8EAF74-0B5D-4D86-AF2B-71624B8C9A01}.Release|x86.Build.0 = Release|Any CPU
		{A4E3D57D-193C-4FF0-90A8-6846BC9EC3FD}.Debug|Any CPU.ActiveCfg = Debug|Any CPU
		{A4E3D57D-193C-4FF0-90A8-6846BC9EC3FD}.Debug|Any CPU.Build.0 = Debug|Any CPU
		{A4E3D57D-193C-4FF0-90A8-6846BC9EC3FD}.Debug|x64.ActiveCfg = Debug|Any CPU
		{A4E3D57D-193C-4FF0-90A8-6846BC9EC3FD}.Debug|x64.Build.0 = Debug|Any CPU
		{A4E3D57D-193C-4FF0-90A8-6846BC9EC3FD}.Debug|x86.ActiveCfg = Debug|Any CPU
		{A4E3D57D-193C-4FF0-90A8-6846BC9EC3FD}.Debug|x86.Build.0 = Debug|Any CPU
		{A4E3D57D-193C-4FF0-90A8-6846BC9EC3FD}.Release|Any CPU.ActiveCfg = Release|Any CPU
		{A4E3D57D-193C-4FF0-90A8-6846BC9EC3FD}.Release|Any CPU.Build.0 = Release|Any CPU
		{A4E3D57D-193C-4FF0-90A8-6846BC9EC3FD}.Release|x64.ActiveCfg = Release|Any CPU
		{A4E3D57D-193C-4FF0-90A8-6846BC9EC3FD}.Release|x64.Build.0 = Release|Any CPU
		{A4E3D57D-193C-4FF0-90A8-6846BC9EC3FD}.Release|x86.ActiveCfg = Release|Any CPU
		{A4E3D57D-193C-4FF0-90A8-6846BC9EC3FD}.Release|x86.Build.0 = Release|Any CPU
		{D7C79C50-7813-4B1D-8A66-9B67358A4F02}.Debug|Any CPU.ActiveCfg = Debug|Any CPU
		{D7C79C50-7813-4B1D-8A66-9B67358A4F02}.Debug|Any CPU.Build.0 = Debug|Any CPU
		{D7C79C50-7813-4B1D-8A66-9B67358A4F02}.Debug|x64.ActiveCfg = Debug|Any CPU
		{D7C79C50-7813-4B1D-8A66-9B67358A4F02}.Debug|x64.Build.0 = Debug|Any CPU
		{D7C79C50-7813-4B1D-8A66-9B67358A4F02}.Debug|x86.ActiveCfg = Debug|Any CPU
		{D7C79C50-7813-4B1D-8A66-9B67358A4F02}.Debug|x86.Build.0 = Debug|Any CPU
		{D7C79C50-7813-4B1D-8A66-9B67358A4F02}.Release|Any CPU.ActiveCfg = Release|Any CPU
		{D7C79C50-7813-4B1D-8A66-9B67358A4F02}.Release|Any CPU.Build.0 = Release|Any CPU
		{D7C79C50-7813-4B1D-8A66-9B67358A4F02}.Release|x64.ActiveCfg = Release|Any CPU
		{D7C79C50-7813-4B1D-8A66-9B67358A4F02}.Release|x64.Build.0 = Release|Any CPU
		{D7C79C50-7813-4B1D-8A66-9B67358A4F02}.Release|x86.ActiveCfg = Release|Any CPU
		{D7C79C50-7813-4B1D-8A66-9B67358A4F02}.Release|x86.Build.0 = Release|Any CPU
		{E2A481BB-6B14-49AB-9BF4-0E8845A77B69}.Debug|Any CPU.ActiveCfg = Debug|Any CPU
		{E2A481BB-6B14-49AB-9BF4-0E8845A77B69}.Debug|Any CPU.Build.0 = Debug|Any CPU
		{E2A481BB-6B14-49AB-9BF4-0E8845A77B69}.Debug|x64.ActiveCfg = Debug|Any CPU
		{E2A481BB-6B14-49AB-9BF4-0E8845A77B69}.Debug|x64.Build.0 = Debug|Any CPU
		{E2A481BB-6B14-49AB-9BF4-0E8845A77B69}.Debug|x86.ActiveCfg = Debug|Any CPU
		{E2A481BB-6B14-49AB-9BF4-0E8845A77B69}.Debug|x86.Build.0 = Debug|Any CPU
		{E2A481BB-6B14-49AB-9BF4-0E8845A77B69}.Release|Any CPU.ActiveCfg = Release|Any CPU
		{E2A481BB-6B14-49AB-9BF4-0E8845A77B69}.Release|Any CPU.Build.0 = Release|Any CPU
		{E2A481BB-6B14-49AB-9BF4-0E8845A77B69}.Release|x64.ActiveCfg = Release|Any CPU
		{E2A481BB-6B14-49AB-9BF4-0E8845A77B69}.Release|x64.Build.0 = Release|Any CPU
		{E2A481BB-6B14-49AB-9BF4-0E8845A77B69}.Release|x86.ActiveCfg = Release|Any CPU
		{E2A481BB-6B14-49AB-9BF4-0E8845A77B69}.Release|x86.Build.0 = Release|Any CPU
		{A9D8628E-419A-4EFA-A14D-DF6D442C1A0A}.Debug|Any CPU.ActiveCfg = Debug|Any CPU
		{A9D8628E-419A-4EFA-A14D-DF6D442C1A0A}.Debug|Any CPU.Build.0 = Debug|Any CPU
		{A9D8628E-419A-4EFA-A14D-DF6D442C1A0A}.Debug|x64.ActiveCfg = Debug|Any CPU
		{A9D8628E-419A-4EFA-A14D-DF6D442C1A0A}.Debug|x64.Build.0 = Debug|Any CPU
		{A9D8628E-419A-4EFA-A14D-DF6D442C1A0A}.Debug|x86.ActiveCfg = Debug|Any CPU
		{A9D8628E-419A-4EFA-A14D-DF6D442C1A0A}.Debug|x86.Build.0 = Debug|Any CPU
		{A9D8628E-419A-4EFA-A14D-DF6D442C1A0A}.Release|Any CPU.ActiveCfg = Release|Any CPU
		{A9D8628E-419A-4EFA-A14D-DF6D442C1A0A}.Release|Any CPU.Build.0 = Release|Any CPU
		{A9D8628E-419A-4EFA-A14D-DF6D442C1A0A}.Release|x64.ActiveCfg = Release|Any CPU
		{A9D8628E-419A-4EFA-A14D-DF6D442C1A0A}.Release|x64.Build.0 = Release|Any CPU
		{A9D8628E-419A-4EFA-A14D-DF6D442C1A0A}.Release|x86.ActiveCfg = Release|Any CPU
		{A9D8628E-419A-4EFA-A14D-DF6D442C1A0A}.Release|x86.Build.0 = Release|Any CPU
		{C4A7E2B1-8E4F-4A5D-9C0E-12F8B3D91A20}.Debug|Any CPU.ActiveCfg = Debug|Any CPU
		{C4A7E2B1-8E4F-4A5D-9C0E-12F8B3D91A20}.Debug|Any CPU.Build.0 = Debug|Any CPU
		{C4A7E2B1-8E4F-4A5D-9C0E-12F8B3D91A20}.Debug|x64.ActiveCfg = Debug|Any CPU
		{C4A7E2B1-8E4F-4A5D-9C0E-12F8B3D91A20}.Debug|x64.Build.0 = Debug|Any CPU
		{C4A7E2B1-8E4F-4A5D-9C0E-12F8B3D91A20}.Debug|x86.ActiveCfg = Debug|Any CPU
		{C4A7E2B1-8E4F-4A5D-9C0E-12F8B3D91A20}.Debug|x86.Build.0 = Debug|Any CPU
		{C4A7E2B1-8E4F-4A5D-9C0E-12F8B3D91A20}.Release|Any CPU.ActiveCfg = Release|Any CPU
		{C4A7E2B1-8E4F-4A5D-9C0E-12F8B3D91A20}.Release|Any CPU.Build.0 = Release|Any CPU
		{C4A7E2B1-8E4F-4A5D-9C0E-12F8B3D91A20}.Release|x64.ActiveCfg = Release|Any CPU
		{C4A7E2B1-8E4F-4A5D-9C0E-12F8B3D91A20}.Release|x64.Build.0 = Release|Any CPU
		{C4A7E2B1-8E4F-4A5D-9C0E-12F8B3D91A20}.Release|x86.ActiveCfg = Release|Any CPU
		{C4A7E2B1-8E4F-4A5D-9C0E-12F8B3D91A20}.Release|x86.Build.0 = Release|Any CPU
		{C67A1E56-00B2-4D20-9A58-4517070EEA12}.Debug|Any CPU.ActiveCfg = Debug|Any CPU
		{C67A1E56-00B2-4D20-9A58-4517070EEA12}.Debug|Any CPU.Build.0 = Debug|Any CPU
		{C67A1E56-00B2-4D20-9A58-4517070EEA12}.Debug|x64.ActiveCfg = Debug|Any CPU
		{C67A1E56-00B2-4D20-9A58-4517070EEA12}.Debug|x64.Build.0 = Debug|Any CPU
		{C67A1E56-00B2-4D20-9A58-4517070EEA12}.Debug|x86.ActiveCfg = Debug|Any CPU
		{C67A1E56-00B2-4D20-9A58-4517070EEA12}.Debug|x86.Build.0 = Debug|Any CPU
		{C67A1E56-00B2-4D20-9A58-4517070EEA12}.Release|Any CPU.ActiveCfg = Release|Any CPU
		{C67A1E56-00B2-4D20-9A58-4517070EEA12}.Release|Any CPU.Build.0 = Release|Any CPU
		{C67A1E56-00B2-4D20-9A58-4517070EEA12}.Release|x64.ActiveCfg = Release|Any CPU
		{C67A1E56-00B2-4D20-9A58-4517070EEA12}.Release|x64.Build.0 = Release|Any CPU
		{C67A1E56-00B2-4D20-9A58-4517070EEA12}.Release|x86.ActiveCfg = Release|Any CPU
		{C67A1E56-00B2-4D20-9A58-4517070EEA12}.Release|x86.Build.0 = Release|Any CPU
		{F2E7A83D-52A1-4DB8-9A0F-3DDECC0E1001}.Debug|Any CPU.ActiveCfg = Debug|Any CPU
		{F2E7A83D-52A1-4DB8-9A0F-3DDECC0E1001}.Debug|Any CPU.Build.0 = Debug|Any CPU
		{F2E7A83D-52A1-4DB8-9A0F-3DDECC0E1001}.Debug|x64.ActiveCfg = Debug|Any CPU
		{F2E7A83D-52A1-4DB8-9A0F-3DDECC0E1001}.Debug|x64.Build.0 = Debug|Any CPU
		{F2E7A83D-52A1-4DB8-9A0F-3DDECC0E1001}.Debug|x86.ActiveCfg = Debug|Any CPU
		{F2E7A83D-52A1-4DB8-9A0F-3DDECC0E1001}.Debug|x86.Build.0 = Debug|Any CPU
		{F2E7A83D-52A1-4DB8-9A0F-3DDECC0E1001}.Release|Any CPU.ActiveCfg = Release|Any CPU
		{F2E7A83D-52A1-4DB8-9A0F-3DDECC0E1001}.Release|Any CPU.Build.0 = Release|Any CPU
		{F2E7A83D-52A1-4DB8-9A0F-3DDECC0E1001}.Release|x64.ActiveCfg = Release|Any CPU
		{F2E7A83D-52A1-4DB8-9A0F-3DDECC0E1001}.Release|x64.Build.0 = Release|Any CPU
		{F2E7A83D-52A1-4DB8-9A0F-3DDECC0E1001}.Release|x86.ActiveCfg = Release|Any CPU
		{F2E7A83D-52A1-4DB8-9A0F-3DDECC0E1001}.Release|x86.Build.0 = Release|Any CPU
		{6C54D35F-34B7-4B19-9A9E-9850E554BC70}.Debug|Any CPU.ActiveCfg = Debug|Any CPU
		{6C54D35F-34B7-4B19-9A9E-9850E554BC70}.Debug|Any CPU.Build.0 = Debug|Any CPU
		{6C54D35F-34B7-4B19-9A9E-9850E554BC70}.Debug|x64.ActiveCfg = Debug|Any CPU
		{6C54D35F-34B7-4B19-9A9E-9850E554BC70}.Debug|x64.Build.0 = Debug|Any CPU
		{6C54D35F-34B7-4B19-9A9E-9850E554BC70}.Debug|x86.ActiveCfg = Debug|Any CPU
		{6C54D35F-34B7-4B19-9A9E-9850E554BC70}.Debug|x86.Build.0 = Debug|Any CPU
		{6C54D35F-34B7-4B19-9A9E-9850E554BC70}.Release|Any CPU.ActiveCfg = Release|Any CPU
		{6C54D35F-34B7-4B19-9A9E-9850E554BC70}.Release|Any CPU.Build.0 = Release|Any CPU
		{6C54D35F-34B7-4B19-9A9E-9850E554BC70}.Release|x64.ActiveCfg = Release|Any CPU
		{6C54D35F-34B7-4B19-9A9E-9850E554BC70}.Release|x64.Build.0 = Release|Any CPU
		{6C54D35F-34B7-4B19-9A9E-9850E554BC70}.Release|x86.ActiveCfg = Release|Any CPU
		{6C54D35F-34B7-4B19-9A9E-9850E554BC70}.Release|x86.Build.0 = Release|Any CPU
		{9F0B7F3A-7E86-4DBA-9E75-2D7F103B9C42}.Debug|Any CPU.ActiveCfg = Debug|Any CPU
		{9F0B7F3A-7E86-4DBA-9E75-2D7F103B9C42}.Debug|Any CPU.Build.0 = Debug|Any CPU
		{9F0B7F3A-7E86-4DBA-9E75-2D7F103B9C42}.Debug|x64.ActiveCfg = Debug|Any CPU
		{9F0B7F3A-7E86-4DBA-9E75-2D7F103B9C42}.Debug|x64.Build.0 = Debug|Any CPU
		{9F0B7F3A-7E86-4DBA-9E75-2D7F103B9C42}.Debug|x86.ActiveCfg = Debug|Any CPU
		{9F0B7F3A-7E86-4DBA-9E75-2D7F103B9C42}.Debug|x86.Build.0 = Debug|Any CPU
		{9F0B7F3A-7E86-4DBA-9E75-2D7F103B9C42}.Release|Any CPU.ActiveCfg = Release|Any CPU
		{9F0B7F3A-7E86-4DBA-9E75-2D7F103B9C42}.Release|Any CPU.Build.0 = Release|Any CPU
		{9F0B7F3A-7E86-4DBA-9E75-2D7F103B9C42}.Release|x64.ActiveCfg = Release|Any CPU
		{9F0B7F3A-7E86-4DBA-9E75-2D7F103B9C42}.Release|x64.Build.0 = Release|Any CPU
		{9F0B7F3A-7E86-4DBA-9E75-2D7F103B9C42}.Release|x86.ActiveCfg = Release|Any CPU
		{9F0B7F3A-7E86-4DBA-9E75-2D7F103B9C42}.Release|x86.Build.0 = Release|Any CPU
		{B8C1A4D0-4E3B-43CB-A537-2E80D47E9F11}.Debug|Any CPU.ActiveCfg = Debug|Any CPU
		{B8C1A4D0-4E3B-43CB-A537-2E80D47E9F11}.Debug|Any CPU.Build.0 = Debug|Any CPU
		{B8C1A4D0-4E3B-43CB-A537-2E80D47E9F11}.Debug|x64.ActiveCfg = Debug|Any CPU
		{B8C1A4D0-4E3B-43CB-A537-2E80D47E9F11}.Debug|x64.Build.0 = Debug|Any CPU
		{B8C1A4D0-4E3B-43CB-A537-2E80D47E9F11}.Debug|x86.ActiveCfg = Debug|Any CPU
		{B8C1A4D0-4E3B-43CB-A537-2E80D47E9F11}.Debug|x86.Build.0 = Debug|Any CPU
		{B8C1A4D0-4E3B-43CB-A537-2E80D47E9F11}.Release|Any CPU.ActiveCfg = Release|Any CPU
		{B8C1A4D0-4E3B-43CB-A537-2E80D47E9F11}.Release|Any CPU.Build.0 = Release|Any CPU
		{B8C1A4D0-4E3B-43CB-A537-2E80D47E9F11}.Release|x64.ActiveCfg = Release|Any CPU
		{B8C1A4D0-4E3B-43CB-A537-2E80D47E9F11}.Release|x64.Build.0 = Release|Any CPU
		{B8C1A4D0-4E3B-43CB-A537-2E80D47E9F11}.Release|x86.ActiveCfg = Release|Any CPU
		{B8C1A4D0-4E3B-43CB-A537-2E80D47E9F11}.Release|x86.Build.0 = Release|Any CPU
		{5E1A789B-98F0-44DA-9E16-63310AC6DDB2}.Debug|Any CPU.ActiveCfg = Debug|Any CPU
		{5E1A789B-98F0-44DA-9E16-63310AC6DDB2}.Debug|Any CPU.Build.0 = Debug|Any CPU
		{5E1A789B-98F0-44DA-9E16-63310AC6DDB2}.Debug|x64.ActiveCfg = Debug|Any CPU
		{5E1A789B-98F0-44DA-9E16-63310AC6DDB2}.Debug|x64.Build.0 = Debug|Any CPU
		{5E1A789B-98F0-44DA-9E16-63310AC6DDB2}.Debug|x86.ActiveCfg = Debug|Any CPU
		{5E1A789B-98F0-44DA-9E16-63310AC6DDB2}.Debug|x86.Build.0 = Debug|Any CPU
		{5E1A789B-98F0-44DA-9E16-63310AC6DDB2}.Release|Any CPU.ActiveCfg = Release|Any CPU
		{5E1A789B-98F0-44DA-9E16-63310AC6DDB2}.Release|Any CPU.Build.0 = Release|Any CPU
		{5E1A789B-98F0-44DA-9E16-63310AC6DDB2}.Release|x64.ActiveCfg = Release|Any CPU
		{5E1A789B-98F0-44DA-9E16-63310AC6DDB2}.Release|x64.Build.0 = Release|Any CPU
		{5E1A789B-98F0-44DA-9E16-63310AC6DDB2}.Release|x86.ActiveCfg = Release|Any CPU
		{5E1A789B-98F0-44DA-9E16-63310AC6DDB2}.Release|x86.Build.0 = Release|Any CPU
		{0D1456BF-F621-4AB5-943C-3DBCF6E0D12B}.Debug|Any CPU.ActiveCfg = Debug|Any CPU
		{0D1456BF-F621-4AB5-943C-3DBCF6E0D12B}.Debug|Any CPU.Build.0 = Debug|Any CPU
		{0D1456BF-F621-4AB5-943C-3DBCF6E0D12B}.Debug|x64.ActiveCfg = Debug|Any CPU
		{0D1456BF-F621-4AB5-943C-3DBCF6E0D12B}.Debug|x64.Build.0 = Debug|Any CPU
		{0D1456BF-F621-4AB5-943C-3DBCF6E0D12B}.Debug|x86.ActiveCfg = Debug|Any CPU
		{0D1456BF-F621-4AB5-943C-3DBCF6E0D12B}.Debug|x86.Build.0 = Debug|Any CPU
		{0D1456BF-F621-4AB5-943C-3DBCF6E0D12B}.Release|Any CPU.ActiveCfg = Release|Any CPU
		{0D1456BF-F621-4AB5-943C-3DBCF6E0D12B}.Release|Any CPU.Build.0 = Release|Any CPU
		{0D1456BF-F621-4AB5-943C-3DBCF6E0D12B}.Release|x64.ActiveCfg = Release|Any CPU
		{0D1456BF-F621-4AB5-943C-3DBCF6E0D12B}.Release|x64.Build.0 = Release|Any CPU
		{0D1456BF-F621-4AB5-943C-3DBCF6E0D12B}.Release|x86.ActiveCfg = Release|Any CPU
		{0D1456BF-F621-4AB5-943C-3DBCF6E0D12B}.Release|x86.Build.0 = Release|Any CPU
		{7797A7F6-EAB2-4224-8B1F-5AD59F9D412F}.Debug|Any CPU.ActiveCfg = Debug|Any CPU
		{7797A7F6-EAB2-4224-8B1F-5AD59F9D412F}.Debug|Any CPU.Build.0 = Debug|Any CPU
		{7797A7F6-EAB2-4224-8B1F-5AD59F9D412F}.Debug|x64.ActiveCfg = Debug|Any CPU
		{7797A7F6-EAB2-4224-8B1F-5AD59F9D412F}.Debug|x64.Build.0 = Debug|Any CPU
		{7797A7F6-EAB2-4224-8B1F-5AD59F9D412F}.Debug|x86.ActiveCfg = Debug|Any CPU
		{7797A7F6-EAB2-4224-8B1F-5AD59F9D412F}.Debug|x86.Build.0 = Debug|Any CPU
		{7797A7F6-EAB2-4224-8B1F-5AD59F9D412F}.Release|Any CPU.ActiveCfg = Release|Any CPU
		{7797A7F6-EAB2-4224-8B1F-5AD59F9D412F}.Release|Any CPU.Build.0 = Release|Any CPU
		{7797A7F6-EAB2-4224-8B1F-5AD59F9D412F}.Release|x64.ActiveCfg = Release|Any CPU
		{7797A7F6-EAB2-4224-8B1F-5AD59F9D412F}.Release|x64.Build.0 = Release|Any CPU
		{7797A7F6-EAB2-4224-8B1F-5AD59F9D412F}.Release|x86.ActiveCfg = Release|Any CPU
		{7797A7F6-EAB2-4224-8B1F-5AD59F9D412F}.Release|x86.Build.0 = Release|Any CPU
		{144ED50C-C4BD-4BDF-B96A-A487BA3B58F9}.Debug|Any CPU.ActiveCfg = Debug|Any CPU
		{144ED50C-C4BD-4BDF-B96A-A487BA3B58F9}.Debug|Any CPU.Build.0 = Debug|Any CPU
		{144ED50C-C4BD-4BDF-B96A-A487BA3B58F9}.Debug|x64.ActiveCfg = Debug|Any CPU
		{144ED50C-C4BD-4BDF-B96A-A487BA3B58F9}.Debug|x64.Build.0 = Debug|Any CPU
		{144ED50C-C4BD-4BDF-B96A-A487BA3B58F9}.Debug|x86.ActiveCfg = Debug|Any CPU
		{144ED50C-C4BD-4BDF-B96A-A487BA3B58F9}.Debug|x86.Build.0 = Debug|Any CPU
		{144ED50C-C4BD-4BDF-B96A-A487BA3B58F9}.Release|Any CPU.ActiveCfg = Release|Any CPU
		{144ED50C-C4BD-4BDF-B96A-A487BA3B58F9}.Release|Any CPU.Build.0 = Release|Any CPU
		{144ED50C-C4BD-4BDF-B96A-A487BA3B58F9}.Release|x64.ActiveCfg = Release|Any CPU
		{144ED50C-C4BD-4BDF-B96A-A487BA3B58F9}.Release|x64.Build.0 = Release|Any CPU
		{144ED50C-C4BD-4BDF-B96A-A487BA3B58F9}.Release|x86.ActiveCfg = Release|Any CPU
		{144ED50C-C4BD-4BDF-B96A-A487BA3B58F9}.Release|x86.Build.0 = Release|Any CPU
		{7D7B82BA-EC72-44C4-B5C4-9E88644543A5}.Debug|Any CPU.ActiveCfg = Debug|Any CPU
		{7D7B82BA-EC72-44C4-B5C4-9E88644543A5}.Debug|Any CPU.Build.0 = Debug|Any CPU
		{7D7B82BA-EC72-44C4-B5C4-9E88644543A5}.Debug|x64.ActiveCfg = Debug|Any CPU
		{7D7B82BA-EC72-44C4-B5C4-9E88644543A5}.Debug|x64.Build.0 = Debug|Any CPU
		{7D7B82BA-EC72-44C4-B5C4-9E88644543A5}.Debug|x86.ActiveCfg = Debug|Any CPU
		{7D7B82BA-EC72-44C4-B5C4-9E88644543A5}.Debug|x86.Build.0 = Debug|Any CPU
		{7D7B82BA-EC72-44C4-B5C4-9E88644543A5}.Release|Any CPU.ActiveCfg = Release|Any CPU
		{7D7B82BA-EC72-44C4-B5C4-9E88644543A5}.Release|Any CPU.Build.0 = Release|Any CPU
		{7D7B82BA-EC72-44C4-B5C4-9E88644543A5}.Release|x64.ActiveCfg = Release|Any CPU
		{7D7B82BA-EC72-44C4-B5C4-9E88644543A5}.Release|x64.Build.0 = Release|Any CPU
		{7D7B82BA-EC72-44C4-B5C4-9E88644543A5}.Release|x86.ActiveCfg = Release|Any CPU
		{7D7B82BA-EC72-44C4-B5C4-9E88644543A5}.Release|x86.Build.0 = Release|Any CPU
		{456F6B3E-3CD0-496B-A390-903C8DBA7918}.Debug|Any CPU.ActiveCfg = Debug|Any CPU
		{456F6B3E-3CD0-496B-A390-903C8DBA7918}.Debug|Any CPU.Build.0 = Debug|Any CPU
		{456F6B3E-3CD0-496B-A390-903C8DBA7918}.Debug|x64.ActiveCfg = Debug|Any CPU
		{456F6B3E-3CD0-496B-A390-903C8DBA7918}.Debug|x64.Build.0 = Debug|Any CPU
		{456F6B3E-3CD0-496B-A390-903C8DBA7918}.Debug|x86.ActiveCfg = Debug|Any CPU
		{456F6B3E-3CD0-496B-A390-903C8DBA7918}.Debug|x86.Build.0 = Debug|Any CPU
		{456F6B3E-3CD0-496B-A390-903C8DBA7918}.Release|Any CPU.ActiveCfg = Release|Any CPU
		{456F6B3E-3CD0-496B-A390-903C8DBA7918}.Release|Any CPU.Build.0 = Release|Any CPU
		{456F6B3E-3CD0-496B-A390-903C8DBA7918}.Release|x64.ActiveCfg = Release|Any CPU
		{456F6B3E-3CD0-496B-A390-903C8DBA7918}.Release|x64.Build.0 = Release|Any CPU
		{456F6B3E-3CD0-496B-A390-903C8DBA7918}.Release|x86.ActiveCfg = Release|Any CPU
		{456F6B3E-3CD0-496B-A390-903C8DBA7918}.Release|x86.Build.0 = Release|Any CPU
		{95B8168D-CDA2-48F6-B303-B428AD6F6EAC}.Debug|Any CPU.ActiveCfg = Debug|Any CPU
		{95B8168D-CDA2-48F6-B303-B428AD6F6EAC}.Debug|Any CPU.Build.0 = Debug|Any CPU
		{95B8168D-CDA2-48F6-B303-B428AD6F6EAC}.Debug|x64.ActiveCfg = Debug|Any CPU
		{95B8168D-CDA2-48F6-B303-B428AD6F6EAC}.Debug|x64.Build.0 = Debug|Any CPU
		{95B8168D-CDA2-48F6-B303-B428AD6F6EAC}.Debug|x86.ActiveCfg = Debug|Any CPU
		{95B8168D-CDA2-48F6-B303-B428AD6F6EAC}.Debug|x86.Build.0 = Debug|Any CPU
		{95B8168D-CDA2-48F6-B303-B428AD6F6EAC}.Release|Any CPU.ActiveCfg = Release|Any CPU
		{95B8168D-CDA2-48F6-B303-B428AD6F6EAC}.Release|Any CPU.Build.0 = Release|Any CPU
		{95B8168D-CDA2-48F6-B303-B428AD6F6EAC}.Release|x64.ActiveCfg = Release|Any CPU
		{95B8168D-CDA2-48F6-B303-B428AD6F6EAC}.Release|x64.Build.0 = Release|Any CPU
		{95B8168D-CDA2-48F6-B303-B428AD6F6EAC}.Release|x86.ActiveCfg = Release|Any CPU
		{95B8168D-CDA2-48F6-B303-B428AD6F6EAC}.Release|x86.Build.0 = Release|Any CPU
		{8D2F9D7C-F020-4350-AF5F-312BDD21815F}.Debug|Any CPU.ActiveCfg = Debug|Any CPU
		{8D2F9D7C-F020-4350-AF5F-312BDD21815F}.Debug|Any CPU.Build.0 = Debug|Any CPU
		{8D2F9D7C-F020-4350-AF5F-312BDD21815F}.Debug|x64.ActiveCfg = Debug|Any CPU
		{8D2F9D7C-F020-4350-AF5F-312BDD21815F}.Debug|x64.Build.0 = Debug|Any CPU
		{8D2F9D7C-F020-4350-AF5F-312BDD21815F}.Debug|x86.ActiveCfg = Debug|Any CPU
		{8D2F9D7C-F020-4350-AF5F-312BDD21815F}.Debug|x86.Build.0 = Debug|Any CPU
		{8D2F9D7C-F020-4350-AF5F-312BDD21815F}.Release|Any CPU.ActiveCfg = Release|Any CPU
		{8D2F9D7C-F020-4350-AF5F-312BDD21815F}.Release|Any CPU.Build.0 = Release|Any CPU
		{8D2F9D7C-F020-4350-AF5F-312BDD21815F}.Release|x64.ActiveCfg = Release|Any CPU
		{8D2F9D7C-F020-4350-AF5F-312BDD21815F}.Release|x64.Build.0 = Release|Any CPU
		{8D2F9D7C-F020-4350-AF5F-312BDD21815F}.Release|x86.ActiveCfg = Release|Any CPU
		{8D2F9D7C-F020-4350-AF5F-312BDD21815F}.Release|x86.Build.0 = Release|Any CPU
		{1181EC00-7C6E-4816-9F09-63A2FCBEE629}.Debug|Any CPU.ActiveCfg = Debug|Any CPU
		{1181EC00-7C6E-4816-9F09-63A2FCBEE629}.Debug|Any CPU.Build.0 = Debug|Any CPU
		{1181EC00-7C6E-4816-9F09-63A2FCBEE629}.Debug|x64.ActiveCfg = Debug|Any CPU
		{1181EC00-7C6E-4816-9F09-63A2FCBEE629}.Debug|x64.Build.0 = Debug|Any CPU
		{1181EC00-7C6E-4816-9F09-63A2FCBEE629}.Debug|x86.ActiveCfg = Debug|Any CPU
		{1181EC00-7C6E-4816-9F09-63A2FCBEE629}.Debug|x86.Build.0 = Debug|Any CPU
		{1181EC00-7C6E-4816-9F09-63A2FCBEE629}.Release|Any CPU.ActiveCfg = Release|Any CPU
		{1181EC00-7C6E-4816-9F09-63A2FCBEE629}.Release|Any CPU.Build.0 = Release|Any CPU
		{1181EC00-7C6E-4816-9F09-63A2FCBEE629}.Release|x64.ActiveCfg = Release|Any CPU
		{1181EC00-7C6E-4816-9F09-63A2FCBEE629}.Release|x64.Build.0 = Release|Any CPU
		{1181EC00-7C6E-4816-9F09-63A2FCBEE629}.Release|x86.ActiveCfg = Release|Any CPU
		{1181EC00-7C6E-4816-9F09-63A2FCBEE629}.Release|x86.Build.0 = Release|Any CPU
		{F3CD792B-185E-4183-8C6C-C3521B36836A}.Debug|Any CPU.ActiveCfg = Debug|Any CPU
		{F3CD792B-185E-4183-8C6C-C3521B36836A}.Debug|Any CPU.Build.0 = Debug|Any CPU
		{F3CD792B-185E-4183-8C6C-C3521B36836A}.Debug|x64.ActiveCfg = Debug|Any CPU
		{F3CD792B-185E-4183-8C6C-C3521B36836A}.Debug|x64.Build.0 = Debug|Any CPU
		{F3CD792B-185E-4183-8C6C-C3521B36836A}.Debug|x86.ActiveCfg = Debug|Any CPU
		{F3CD792B-185E-4183-8C6C-C3521B36836A}.Debug|x86.Build.0 = Debug|Any CPU
		{F3CD792B-185E-4183-8C6C-C3521B36836A}.Release|Any CPU.ActiveCfg = Release|Any CPU
		{F3CD792B-185E-4183-8C6C-C3521B36836A}.Release|Any CPU.Build.0 = Release|Any CPU
		{F3CD792B-185E-4183-8C6C-C3521B36836A}.Release|x64.ActiveCfg = Release|Any CPU
		{F3CD792B-185E-4183-8C6C-C3521B36836A}.Release|x64.Build.0 = Release|Any CPU
		{F3CD792B-185E-4183-8C6C-C3521B36836A}.Release|x86.ActiveCfg = Release|Any CPU
		{F3CD792B-185E-4183-8C6C-C3521B36836A}.Release|x86.Build.0 = Release|Any CPU
		{FD243832-678B-434D-85B7-EFC24FD29EAA}.Debug|Any CPU.ActiveCfg = Debug|Any CPU
		{FD243832-678B-434D-85B7-EFC24FD29EAA}.Debug|Any CPU.Build.0 = Debug|Any CPU
		{FD243832-678B-434D-85B7-EFC24FD29EAA}.Debug|x64.ActiveCfg = Debug|Any CPU
		{FD243832-678B-434D-85B7-EFC24FD29EAA}.Debug|x64.Build.0 = Debug|Any CPU
		{FD243832-678B-434D-85B7-EFC24FD29EAA}.Debug|x86.ActiveCfg = Debug|Any CPU
		{FD243832-678B-434D-85B7-EFC24FD29EAA}.Debug|x86.Build.0 = Debug|Any CPU
		{FD243832-678B-434D-85B7-EFC24FD29EAA}.Release|Any CPU.ActiveCfg = Release|Any CPU
		{FD243832-678B-434D-85B7-EFC24FD29EAA}.Release|Any CPU.Build.0 = Release|Any CPU
		{FD243832-678B-434D-85B7-EFC24FD29EAA}.Release|x64.ActiveCfg = Release|Any CPU
		{FD243832-678B-434D-85B7-EFC24FD29EAA}.Release|x64.Build.0 = Release|Any CPU
		{FD243832-678B-434D-85B7-EFC24FD29EAA}.Release|x86.ActiveCfg = Release|Any CPU
		{FD243832-678B-434D-85B7-EFC24FD29EAA}.Release|x86.Build.0 = Release|Any CPU
		{743FA59B-320D-404A-8B8C-67EFF01ABB84}.Debug|Any CPU.ActiveCfg = Debug|Any CPU
		{743FA59B-320D-404A-8B8C-67EFF01ABB84}.Debug|Any CPU.Build.0 = Debug|Any CPU
		{743FA59B-320D-404A-8B8C-67EFF01ABB84}.Debug|x64.ActiveCfg = Debug|Any CPU
		{743FA59B-320D-404A-8B8C-67EFF01ABB84}.Debug|x64.Build.0 = Debug|Any CPU
		{743FA59B-320D-404A-8B8C-67EFF01ABB84}.Debug|x86.ActiveCfg = Debug|Any CPU
		{743FA59B-320D-404A-8B8C-67EFF01ABB84}.Debug|x86.Build.0 = Debug|Any CPU
		{743FA59B-320D-404A-8B8C-67EFF01ABB84}.Release|Any CPU.ActiveCfg = Release|Any CPU
		{743FA59B-320D-404A-8B8C-67EFF01ABB84}.Release|Any CPU.Build.0 = Release|Any CPU
		{743FA59B-320D-404A-8B8C-67EFF01ABB84}.Release|x64.ActiveCfg = Release|Any CPU
		{743FA59B-320D-404A-8B8C-67EFF01ABB84}.Release|x64.Build.0 = Release|Any CPU
		{743FA59B-320D-404A-8B8C-67EFF01ABB84}.Release|x86.ActiveCfg = Release|Any CPU
		{743FA59B-320D-404A-8B8C-67EFF01ABB84}.Release|x86.Build.0 = Release|Any CPU
		{3012E7FF-523A-4CEA-B3A2-134657DED6A2}.Debug|Any CPU.ActiveCfg = Debug|Any CPU
		{3012E7FF-523A-4CEA-B3A2-134657DED6A2}.Debug|Any CPU.Build.0 = Debug|Any CPU
		{3012E7FF-523A-4CEA-B3A2-134657DED6A2}.Debug|x64.ActiveCfg = Debug|Any CPU
		{3012E7FF-523A-4CEA-B3A2-134657DED6A2}.Debug|x64.Build.0 = Debug|Any CPU
		{3012E7FF-523A-4CEA-B3A2-134657DED6A2}.Debug|x86.ActiveCfg = Debug|Any CPU
		{3012E7FF-523A-4CEA-B3A2-134657DED6A2}.Debug|x86.Build.0 = Debug|Any CPU
		{3012E7FF-523A-4CEA-B3A2-134657DED6A2}.Release|Any CPU.ActiveCfg = Release|Any CPU
		{3012E7FF-523A-4CEA-B3A2-134657DED6A2}.Release|Any CPU.Build.0 = Release|Any CPU
		{3012E7FF-523A-4CEA-B3A2-134657DED6A2}.Release|x64.ActiveCfg = Release|Any CPU
		{3012E7FF-523A-4CEA-B3A2-134657DED6A2}.Release|x64.Build.0 = Release|Any CPU
		{3012E7FF-523A-4CEA-B3A2-134657DED6A2}.Release|x86.ActiveCfg = Release|Any CPU
		{3012E7FF-523A-4CEA-B3A2-134657DED6A2}.Release|x86.Build.0 = Release|Any CPU
		{B4176FB8-5355-4214-84A9-4FDB7821B5AA}.Debug|Any CPU.ActiveCfg = Debug|Any CPU
		{B4176FB8-5355-4214-84A9-4FDB7821B5AA}.Debug|Any CPU.Build.0 = Debug|Any CPU
		{B4176FB8-5355-4214-84A9-4FDB7821B5AA}.Debug|x64.ActiveCfg = Debug|Any CPU
		{B4176FB8-5355-4214-84A9-4FDB7821B5AA}.Debug|x64.Build.0 = Debug|Any CPU
		{B4176FB8-5355-4214-84A9-4FDB7821B5AA}.Debug|x86.ActiveCfg = Debug|Any CPU
		{B4176FB8-5355-4214-84A9-4FDB7821B5AA}.Debug|x86.Build.0 = Debug|Any CPU
		{B4176FB8-5355-4214-84A9-4FDB7821B5AA}.Release|Any CPU.ActiveCfg = Release|Any CPU
		{B4176FB8-5355-4214-84A9-4FDB7821B5AA}.Release|Any CPU.Build.0 = Release|Any CPU
		{B4176FB8-5355-4214-84A9-4FDB7821B5AA}.Release|x64.ActiveCfg = Release|Any CPU
		{B4176FB8-5355-4214-84A9-4FDB7821B5AA}.Release|x64.Build.0 = Release|Any CPU
		{B4176FB8-5355-4214-84A9-4FDB7821B5AA}.Release|x86.ActiveCfg = Release|Any CPU
		{B4176FB8-5355-4214-84A9-4FDB7821B5AA}.Release|x86.Build.0 = Release|Any CPU
		{D700C009-1FBD-49C6-957D-03DC900216A5}.Debug|Any CPU.ActiveCfg = Debug|Any CPU
		{D700C009-1FBD-49C6-957D-03DC900216A5}.Debug|Any CPU.Build.0 = Debug|Any CPU
		{D700C009-1FBD-49C6-957D-03DC900216A5}.Debug|x64.ActiveCfg = Debug|Any CPU
		{D700C009-1FBD-49C6-957D-03DC900216A5}.Debug|x64.Build.0 = Debug|Any CPU
		{D700C009-1FBD-49C6-957D-03DC900216A5}.Debug|x86.ActiveCfg = Debug|Any CPU
		{D700C009-1FBD-49C6-957D-03DC900216A5}.Debug|x86.Build.0 = Debug|Any CPU
		{D700C009-1FBD-49C6-957D-03DC900216A5}.Release|Any CPU.ActiveCfg = Release|Any CPU
		{D700C009-1FBD-49C6-957D-03DC900216A5}.Release|Any CPU.Build.0 = Release|Any CPU
		{D700C009-1FBD-49C6-957D-03DC900216A5}.Release|x64.ActiveCfg = Release|Any CPU
		{D700C009-1FBD-49C6-957D-03DC900216A5}.Release|x64.Build.0 = Release|Any CPU
		{D700C009-1FBD-49C6-957D-03DC900216A5}.Release|x86.ActiveCfg = Release|Any CPU
		{D700C009-1FBD-49C6-957D-03DC900216A5}.Release|x86.Build.0 = Release|Any CPU
		{127FB1D0-7B40-47D7-A3D9-1B83D9BF1149}.Debug|Any CPU.ActiveCfg = Debug|Any CPU
		{127FB1D0-7B40-47D7-A3D9-1B83D9BF1149}.Debug|Any CPU.Build.0 = Debug|Any CPU
		{127FB1D0-7B40-47D7-A3D9-1B83D9BF1149}.Debug|x64.ActiveCfg = Debug|Any CPU
		{127FB1D0-7B40-47D7-A3D9-1B83D9BF1149}.Debug|x64.Build.0 = Debug|Any CPU
		{127FB1D0-7B40-47D7-A3D9-1B83D9BF1149}.Debug|x86.ActiveCfg = Debug|Any CPU
		{127FB1D0-7B40-47D7-A3D9-1B83D9BF1149}.Debug|x86.Build.0 = Debug|Any CPU
		{127FB1D0-7B40-47D7-A3D9-1B83D9BF1149}.Release|Any CPU.ActiveCfg = Release|Any CPU
		{127FB1D0-7B40-47D7-A3D9-1B83D9BF1149}.Release|Any CPU.Build.0 = Release|Any CPU
		{127FB1D0-7B40-47D7-A3D9-1B83D9BF1149}.Release|x64.ActiveCfg = Release|Any CPU
		{127FB1D0-7B40-47D7-A3D9-1B83D9BF1149}.Release|x64.Build.0 = Release|Any CPU
		{127FB1D0-7B40-47D7-A3D9-1B83D9BF1149}.Release|x86.ActiveCfg = Release|Any CPU
		{127FB1D0-7B40-47D7-A3D9-1B83D9BF1149}.Release|x86.Build.0 = Release|Any CPU
		{BA3B4C9C-8AFD-45E4-B31B-B8CE624EAA64}.Debug|Any CPU.ActiveCfg = Debug|Any CPU
		{BA3B4C9C-8AFD-45E4-B31B-B8CE624EAA64}.Debug|Any CPU.Build.0 = Debug|Any CPU
		{BA3B4C9C-8AFD-45E4-B31B-B8CE624EAA64}.Debug|x64.ActiveCfg = Debug|Any CPU
		{BA3B4C9C-8AFD-45E4-B31B-B8CE624EAA64}.Debug|x64.Build.0 = Debug|Any CPU
		{BA3B4C9C-8AFD-45E4-B31B-B8CE624EAA64}.Debug|x86.ActiveCfg = Debug|Any CPU
		{BA3B4C9C-8AFD-45E4-B31B-B8CE624EAA64}.Debug|x86.Build.0 = Debug|Any CPU
		{BA3B4C9C-8AFD-45E4-B31B-B8CE624EAA64}.Release|Any CPU.ActiveCfg = Release|Any CPU
		{BA3B4C9C-8AFD-45E4-B31B-B8CE624EAA64}.Release|Any CPU.Build.0 = Release|Any CPU
		{BA3B4C9C-8AFD-45E4-B31B-B8CE624EAA64}.Release|x64.ActiveCfg = Release|Any CPU
		{BA3B4C9C-8AFD-45E4-B31B-B8CE624EAA64}.Release|x64.Build.0 = Release|Any CPU
		{BA3B4C9C-8AFD-45E4-B31B-B8CE624EAA64}.Release|x86.ActiveCfg = Release|Any CPU
		{BA3B4C9C-8AFD-45E4-B31B-B8CE624EAA64}.Release|x86.Build.0 = Release|Any CPU
		{251BAC0B-2B3A-44E2-80A6-E5FD046CB014}.Debug|Any CPU.ActiveCfg = Debug|Any CPU
		{251BAC0B-2B3A-44E2-80A6-E5FD046CB014}.Debug|Any CPU.Build.0 = Debug|Any CPU
		{251BAC0B-2B3A-44E2-80A6-E5FD046CB014}.Debug|x64.ActiveCfg = Debug|Any CPU
		{251BAC0B-2B3A-44E2-80A6-E5FD046CB014}.Debug|x64.Build.0 = Debug|Any CPU
		{251BAC0B-2B3A-44E2-80A6-E5FD046CB014}.Debug|x86.ActiveCfg = Debug|Any CPU
		{251BAC0B-2B3A-44E2-80A6-E5FD046CB014}.Debug|x86.Build.0 = Debug|Any CPU
		{251BAC0B-2B3A-44E2-80A6-E5FD046CB014}.Release|Any CPU.ActiveCfg = Release|Any CPU
		{251BAC0B-2B3A-44E2-80A6-E5FD046CB014}.Release|Any CPU.Build.0 = Release|Any CPU
		{251BAC0B-2B3A-44E2-80A6-E5FD046CB014}.Release|x64.ActiveCfg = Release|Any CPU
		{251BAC0B-2B3A-44E2-80A6-E5FD046CB014}.Release|x64.Build.0 = Release|Any CPU
		{251BAC0B-2B3A-44E2-80A6-E5FD046CB014}.Release|x86.ActiveCfg = Release|Any CPU
		{251BAC0B-2B3A-44E2-80A6-E5FD046CB014}.Release|x86.Build.0 = Release|Any CPU
		{10A5A9DA-EEB7-419A-B674-F0AA0E3A2E8D}.Debug|Any CPU.ActiveCfg = Debug|Any CPU
		{10A5A9DA-EEB7-419A-B674-F0AA0E3A2E8D}.Debug|Any CPU.Build.0 = Debug|Any CPU
		{10A5A9DA-EEB7-419A-B674-F0AA0E3A2E8D}.Debug|x64.ActiveCfg = Debug|Any CPU
		{10A5A9DA-EEB7-419A-B674-F0AA0E3A2E8D}.Debug|x64.Build.0 = Debug|Any CPU
		{10A5A9DA-EEB7-419A-B674-F0AA0E3A2E8D}.Debug|x86.ActiveCfg = Debug|Any CPU
		{10A5A9DA-EEB7-419A-B674-F0AA0E3A2E8D}.Debug|x86.Build.0 = Debug|Any CPU
		{10A5A9DA-EEB7-419A-B674-F0AA0E3A2E8D}.Release|Any CPU.ActiveCfg = Release|Any CPU
		{10A5A9DA-EEB7-419A-B674-F0AA0E3A2E8D}.Release|Any CPU.Build.0 = Release|Any CPU
		{10A5A9DA-EEB7-419A-B674-F0AA0E3A2E8D}.Release|x64.ActiveCfg = Release|Any CPU
		{10A5A9DA-EEB7-419A-B674-F0AA0E3A2E8D}.Release|x64.Build.0 = Release|Any CPU
		{10A5A9DA-EEB7-419A-B674-F0AA0E3A2E8D}.Release|x86.ActiveCfg = Release|Any CPU
		{10A5A9DA-EEB7-419A-B674-F0AA0E3A2E8D}.Release|x86.Build.0 = Release|Any CPU
		{5E23C2E6-7788-4728-923B-E27A13698B54}.Debug|Any CPU.ActiveCfg = Debug|Any CPU
		{5E23C2E6-7788-4728-923B-E27A13698B54}.Debug|Any CPU.Build.0 = Debug|Any CPU
		{5E23C2E6-7788-4728-923B-E27A13698B54}.Debug|x64.ActiveCfg = Debug|Any CPU
		{5E23C2E6-7788-4728-923B-E27A13698B54}.Debug|x64.Build.0 = Debug|Any CPU
		{5E23C2E6-7788-4728-923B-E27A13698B54}.Debug|x86.ActiveCfg = Debug|Any CPU
		{5E23C2E6-7788-4728-923B-E27A13698B54}.Debug|x86.Build.0 = Debug|Any CPU
		{5E23C2E6-7788-4728-923B-E27A13698B54}.Release|Any CPU.ActiveCfg = Release|Any CPU
		{5E23C2E6-7788-4728-923B-E27A13698B54}.Release|Any CPU.Build.0 = Release|Any CPU
		{5E23C2E6-7788-4728-923B-E27A13698B54}.Release|x64.ActiveCfg = Release|Any CPU
		{5E23C2E6-7788-4728-923B-E27A13698B54}.Release|x64.Build.0 = Release|Any CPU
		{5E23C2E6-7788-4728-923B-E27A13698B54}.Release|x86.ActiveCfg = Release|Any CPU
		{5E23C2E6-7788-4728-923B-E27A13698B54}.Release|x86.Build.0 = Release|Any CPU
		{E5B1BFBB-10AC-4E69-A9BC-10FAB527EDE8}.Debug|Any CPU.ActiveCfg = Debug|Any CPU
		{E5B1BFBB-10AC-4E69-A9BC-10FAB527EDE8}.Debug|Any CPU.Build.0 = Debug|Any CPU
		{E5B1BFBB-10AC-4E69-A9BC-10FAB527EDE8}.Debug|x64.ActiveCfg = Debug|Any CPU
		{E5B1BFBB-10AC-4E69-A9BC-10FAB527EDE8}.Debug|x64.Build.0 = Debug|Any CPU
		{E5B1BFBB-10AC-4E69-A9BC-10FAB527EDE8}.Debug|x86.ActiveCfg = Debug|Any CPU
		{E5B1BFBB-10AC-4E69-A9BC-10FAB527EDE8}.Debug|x86.Build.0 = Debug|Any CPU
		{E5B1BFBB-10AC-4E69-A9BC-10FAB527EDE8}.Release|Any CPU.ActiveCfg = Release|Any CPU
		{E5B1BFBB-10AC-4E69-A9BC-10FAB527EDE8}.Release|Any CPU.Build.0 = Release|Any CPU
		{E5B1BFBB-10AC-4E69-A9BC-10FAB527EDE8}.Release|x64.ActiveCfg = Release|Any CPU
		{E5B1BFBB-10AC-4E69-A9BC-10FAB527EDE8}.Release|x64.Build.0 = Release|Any CPU
		{E5B1BFBB-10AC-4E69-A9BC-10FAB527EDE8}.Release|x86.ActiveCfg = Release|Any CPU
		{E5B1BFBB-10AC-4E69-A9BC-10FAB527EDE8}.Release|x86.Build.0 = Release|Any CPU
		{985A6932-FAAC-4A8B-8ED3-71D3368C96A0}.Debug|Any CPU.ActiveCfg = Debug|Any CPU
		{985A6932-FAAC-4A8B-8ED3-71D3368C96A0}.Debug|Any CPU.Build.0 = Debug|Any CPU
		{985A6932-FAAC-4A8B-8ED3-71D3368C96A0}.Debug|x64.ActiveCfg = Debug|Any CPU
		{985A6932-FAAC-4A8B-8ED3-71D3368C96A0}.Debug|x64.Build.0 = Debug|Any CPU
		{985A6932-FAAC-4A8B-8ED3-71D3368C96A0}.Debug|x86.ActiveCfg = Debug|Any CPU
		{985A6932-FAAC-4A8B-8ED3-71D3368C96A0}.Debug|x86.Build.0 = Debug|Any CPU
		{985A6932-FAAC-4A8B-8ED3-71D3368C96A0}.Release|Any CPU.ActiveCfg = Release|Any CPU
		{985A6932-FAAC-4A8B-8ED3-71D3368C96A0}.Release|Any CPU.Build.0 = Release|Any CPU
		{985A6932-FAAC-4A8B-8ED3-71D3368C96A0}.Release|x64.ActiveCfg = Release|Any CPU
		{985A6932-FAAC-4A8B-8ED3-71D3368C96A0}.Release|x64.Build.0 = Release|Any CPU
		{985A6932-FAAC-4A8B-8ED3-71D3368C96A0}.Release|x86.ActiveCfg = Release|Any CPU
		{985A6932-FAAC-4A8B-8ED3-71D3368C96A0}.Release|x86.Build.0 = Release|Any CPU
	EndGlobalSection
	GlobalSection(SolutionProperties) = preSolution
		HideSolutionNode = FALSE
	EndGlobalSection
	GlobalSection(NestedProjects) = preSolution
		{456F6B3E-3CD0-496B-A390-903C8DBA7918} = {827E0CD3-B72D-47B6-A68D-7590B98EB39B}
		{95B8168D-CDA2-48F6-B303-B428AD6F6EAC} = {827E0CD3-B72D-47B6-A68D-7590B98EB39B}
		{8D2F9D7C-F020-4350-AF5F-312BDD21815F} = {827E0CD3-B72D-47B6-A68D-7590B98EB39B}
		{1181EC00-7C6E-4816-9F09-63A2FCBEE629} = {827E0CD3-B72D-47B6-A68D-7590B98EB39B}
		{F3CD792B-185E-4183-8C6C-C3521B36836A} = {827E0CD3-B72D-47B6-A68D-7590B98EB39B}
		{FD243832-678B-434D-85B7-EFC24FD29EAA} = {827E0CD3-B72D-47B6-A68D-7590B98EB39B}
		{743FA59B-320D-404A-8B8C-67EFF01ABB84} = {827E0CD3-B72D-47B6-A68D-7590B98EB39B}
		{3012E7FF-523A-4CEA-B3A2-134657DED6A2} = {827E0CD3-B72D-47B6-A68D-7590B98EB39B}
		{B4176FB8-5355-4214-84A9-4FDB7821B5AA} = {827E0CD3-B72D-47B6-A68D-7590B98EB39B}
		{D700C009-1FBD-49C6-957D-03DC900216A5} = {0AB3BF05-4346-4AA6-1389-037BE0695223}
		{127FB1D0-7B40-47D7-A3D9-1B83D9BF1149} = {0AB3BF05-4346-4AA6-1389-037BE0695223}
		{BA3B4C9C-8AFD-45E4-B31B-B8CE624EAA64} = {827E0CD3-B72D-47B6-A68D-7590B98EB39B}
		{251BAC0B-2B3A-44E2-80A6-E5FD046CB014} = {0AB3BF05-4346-4AA6-1389-037BE0695223}
		{10A5A9DA-EEB7-419A-B674-F0AA0E3A2E8D} = {0AB3BF05-4346-4AA6-1389-037BE0695223}
		{5E23C2E6-7788-4728-923B-E27A13698B54} = {827E0CD3-B72D-47B6-A68D-7590B98EB39B}
		{E5B1BFBB-10AC-4E69-A9BC-10FAB527EDE8} = {827E0CD3-B72D-47B6-A68D-7590B98EB39B}
		{985A6932-FAAC-4A8B-8ED3-71D3368C96A0} = {0AB3BF05-4346-4AA6-1389-037BE0695223}
	EndGlobalSection
EndGlobal
